
Microsoft Visual Studio Solution File, Format Version 10.00
# Visual Studio 2008
Project("{E24C65DC-7377-472B-9ABA-BC803B73C61A}") = "SISTEMA-ISOLAMENTO-2", ".", "{910695A6-950A-48BE-83BE-01DDF2EAF56A}"
	ProjectSection(WebsiteProperties) = preProject
		TargetFramework = "3.5"
		Debug.AspNetCompiler.VirtualPath = "/SISTEMA-ISOLAMENTO-2"
		Debug.AspNetCompiler.PhysicalPath = "..\..\..\..\OneDrive - Default Directory\Workspace_Sistema_Isolado_Versao_2\SISTEMA-ISOLAMENTO-2\"
		Debug.AspNetCompiler.TargetPath = "PrecompiledWeb\SISTEMA-ISOLAMENTO-2\"
		Debug.AspNetCompiler.Updateable = "true"
		Debug.AspNetCompiler.ForceOverwrite = "true"
		Debug.AspNetCompiler.FixedNames = "false"
		Debug.AspNetCompiler.Debug = "True"
		Release.AspNetCompiler.VirtualPath = "/SISTEMA-ISOLAMENTO-2"
		Release.AspNetCompiler.PhysicalPath = "..\..\..\..\OneDrive - Default Directory\Workspace_Sistema_Isolado_Versao_2\SISTEMA-ISOLAMENTO-2\"
		Release.AspNetCompiler.TargetPath = "PrecompiledWeb\SISTEMA-ISOLAMENTO-2\"
		Release.AspNetCompiler.Updateable = "true"
		Release.AspNetCompiler.ForceOverwrite = "true"
		Release.AspNetCompiler.FixedNames = "false"
		Release.AspNetCompiler.Debug = "False"
		VWDPort = "1036"
	EndProjectSection
EndProject
Global
	GlobalSection(SolutionConfigurationPlatforms) = preSolution
		Debug|Any CPU = Debug|Any CPU
	EndGlobalSection
	GlobalSection(ProjectConfigurationPlatforms) = postSolution
		{910695A6-950A-48BE-83BE-01DDF2EAF56A}.Debug|Any CPU.ActiveCfg = Debug|Any CPU
		{910695A6-950A-48BE-83BE-01DDF2EAF56A}.Debug|Any CPU.Build.0 = Debug|Any CPU
	EndGlobalSection
	GlobalSection(SolutionProperties) = preSolution
		HideSolutionNode = FALSE
	EndGlobalSection
EndGlobal
